
Microsoft Visual Studio Solution File, Format Version 12.00
# Visual Studio Version 16
VisualStudioVersion = 16.0.30907.101
MinimumVisualStudioVersion = 10.0.40219.1
Project("{FAE04EC0-301F-11D3-BF4B-00C04F79EFBC}") = "LibraryApp.Domain", "LibraryApp.Domain\LibraryApp.Domain.csproj", "{9F6F0FD7-0569-4258-A4AC-AF85027A69E2}"
EndProject
Project("{FAE04EC0-301F-11D3-BF4B-00C04F79EFBC}") = "LibraryApp.Api", "LibraryApp.Api\LibraryApp.Api.csproj", "{7200569A-744C-4A52-BD7B-B858B42EB8F7}"
EndProject
Global
	GlobalSection(SolutionConfigurationPlatforms) = preSolution
		Debug|Any CPU = Debug|Any CPU
		Release|Any CPU = Release|Any CPU
	EndGlobalSection
	GlobalSection(ProjectConfigurationPlatforms) = postSolution
		{9F6F0FD7-0569-4258-A4AC-AF85027A69E2}.Debug|Any CPU.ActiveCfg = Debug|Any CPU
		{9F6F0FD7-0569-4258-A4AC-AF85027A69E2}.Debug|Any CPU.Build.0 = Debug|Any CPU
		{9F6F0FD7-0569-4258-A4AC-AF85027A69E2}.Release|Any CPU.ActiveCfg = Release|Any CPU
		{9F6F0FD7-0569-4258-A4AC-AF85027A69E2}.Release|Any CPU.Build.0 = Release|Any CPU
		{7200569A-744C-4A52-BD7B-B858B42EB8F7}.Debug|Any CPU.ActiveCfg = Debug|Any CPU
		{7200569A-744C-4A52-BD7B-B858B42EB8F7}.Debug|Any CPU.Build.0 = Debug|Any CPU
		{7200569A-744C-4A52-BD7B-B858B42EB8F7}.Release|Any CPU.ActiveCfg = Release|Any CPU
		{7200569A-744C-4A52-BD7B-B858B42EB8F7}.Release|Any CPU.Build.0 = Release|Any CPU
	EndGlobalSection
	GlobalSection(SolutionProperties) = preSolution
		HideSolutionNode = FALSE
	EndGlobalSection
	GlobalSection(ExtensibilityGlobals) = postSolution
		SolutionGuid = {1B62729F-D435-4CDB-A0A6-E23397575FEF}
	EndGlobalSection
EndGlobal
