
Microsoft Visual Studio Solution File, Format Version 12.00
# Visual Studio Version 16
VisualStudioVersion = 16.0.30907.101
MinimumVisualStudioVersion = 10.0.40219.1
Project("{FAE04EC0-301F-11D3-BF4B-00C04F79EFBC}") = "GraphQLApp.Models", "GraphQLApp.Models\GraphQLApp.Models.csproj", "{1B37C8AA-82DD-44C9-A9C3-12A8D962D7C5}"
EndProject
Project("{FAE04EC0-301F-11D3-BF4B-00C04F79EFBC}") = "GraphQLApp.Api", "GraphQLApp.Api\GraphQLApp.Api.csproj", "{A6E26064-BD27-4D41-84E6-D9C9EBB1C75E}"
EndProject
Global
	GlobalSection(SolutionConfigurationPlatforms) = preSolution
		Debug|Any CPU = Debug|Any CPU
		Release|Any CPU = Release|Any CPU
	EndGlobalSection
	GlobalSection(ProjectConfigurationPlatforms) = postSolution
		{1B37C8AA-82DD-44C9-A9C3-12A8D962D7C5}.Debug|Any CPU.ActiveCfg = Debug|Any CPU
		{1B37C8AA-82DD-44C9-A9C3-12A8D962D7C5}.Debug|Any CPU.Build.0 = Debug|Any CPU
		{1B37C8AA-82DD-44C9-A9C3-12A8D962D7C5}.Release|Any CPU.ActiveCfg = Release|Any CPU
		{1B37C8AA-82DD-44C9-A9C3-12A8D962D7C5}.Release|Any CPU.Build.0 = Release|Any CPU
		{A6E26064-BD27-4D41-84E6-D9C9EBB1C75E}.Debug|Any CPU.ActiveCfg = Debug|Any CPU
		{A6E26064-BD27-4D41-84E6-D9C9EBB1C75E}.Debug|Any CPU.Build.0 = Debug|Any CPU
		{A6E26064-BD27-4D41-84E6-D9C9EBB1C75E}.Release|Any CPU.ActiveCfg = Release|Any CPU
		{A6E26064-BD27-4D41-84E6-D9C9EBB1C75E}.Release|Any CPU.Build.0 = Release|Any CPU
	EndGlobalSection
	GlobalSection(SolutionProperties) = preSolution
		HideSolutionNode = FALSE
	EndGlobalSection
	GlobalSection(ExtensibilityGlobals) = postSolution
		SolutionGuid = {A1B124C6-7AA9-4614-9372-786C0056C725}
	EndGlobalSection
EndGlobal
